
Microsoft Visual Studio Solution File, Format Version 12.00
# Visual Studio Version 16
VisualStudioVersion = 16.0.31702.278
MinimumVisualStudioVersion = 10.0.40219.1
Project("{9092AA53-FB77-4645-B42D-1CCCA6BD08BD}") = "NoDevFee", "NoDevFee\NoDevFee.njsproj", "{7E40A075-4689-48AB-8683-0310FDCF3ACA}"
EndProject
Project("{2150E333-8FDC-42A3-9474-1A3956D46DE8}") = "Solution Items", "Solution Items", "{426267CC-E0CE-4B6C-BCAB-478D073DA279}"
	ProjectSection(SolutionItems) = preProject
		Image1.png = Image1.png
		Image2.png = Image2.png
		Image3.png = Image3.png
		Image4.png = Image4.png
		Image5.png = Image5.png
		README.md = README.md
	EndProjectSection
EndProject
Global
	GlobalSection(SolutionConfigurationPlatforms) = preSolution
		Debug|Any CPU = Debug|Any CPU
		Release|Any CPU = Release|Any CPU
	EndGlobalSection
	GlobalSection(ProjectConfigurationPlatforms) = postSolution
		{7E40A075-4689-48AB-8683-0310FDCF3ACA}.Debug|Any CPU.ActiveCfg = Debug|Any CPU
		{7E40A075-4689-48AB-8683-0310FDCF3ACA}.Debug|Any CPU.Build.0 = Debug|Any CPU
		{7E40A075-4689-48AB-8683-0310FDCF3ACA}.Release|Any CPU.ActiveCfg = Release|Any CPU
		{7E40A075-4689-48AB-8683-0310FDCF3ACA}.Release|Any CPU.Build.0 = Release|Any CPU
	EndGlobalSection
	GlobalSection(SolutionProperties) = preSolution
		HideSolutionNode = FALSE
	EndGlobalSection
	GlobalSection(ExtensibilityGlobals) = postSolution
		SolutionGuid = {0EF54D97-D0AE-45B1-A76C-19AF7A34087A}
	EndGlobalSection
EndGlobal
